<?xml version="1.0" encoding="utf-8"?>
<Project ToolsVersion="4.0" xmlns="http://schemas.microsoft.com/developer/msbuild/2003">
  <ItemGroup>
    <Filter Include="Source Files">
      <UniqueIdentifier>{4FC737F1-C7A5-4376-A066-2A32D752A2FF}</UniqueIdentifier>
      <Extensions>cpp;c;cc;cxx;def;odl;idl;hpj;bat;asm;asmx</Extensions>
    </Filter>
    <Filter Include="Source Files\config">
      <UniqueIdentifier>{d02d92b6-03e7-4815-9768-442fdb3be2f2}</UniqueIdentifier>
    </Filter>
    <Filter Include="Source Files\types">
      <UniqueIdentifier>{295c42a3-bf4e-49f1-86ad-d0734b074561}</UniqueIdentifier>
    </Filter>
    <Filter Include="Source Files\system">
      <UniqueIdentifier>{213d720f-f371-4ffa-a687-5066d54d5246}</UniqueIdentifier>
    </Filter>
    <Filter Include="Source Files\container">
      <UniqueIdentifier>{7ee23e5f-2773-4317-a801-c4242cb65474}</UniqueIdentifier>
    </Filter>
  </ItemGroup>
  <ItemGroup>
    <ClInclude Include="config\precompiled.h">
      <Filter>Source Files\config</Filter>
    </ClInclude>
    <ClInclude Include="config\disables_msvc.h">
      <Filter>Source Files\config</Filter>
    </ClInclude>
    <ClInclude Include="config\build_info.h">
      <Filter>Source Files\config</Filter>
    </ClInclude>
    <ClInclude Include="config\config.h">
      <Filter>Source Files\config</Filter>
    </ClInclude>
    <ClInclude Include="types\int_types.h">
      <Filter>Source Files\types</Filter>
    </ClInclude>
    <ClInclude Include="system\assert.h">
      <Filter>Source Files\system</Filter>
    </ClInclude>
    <ClInclude Include="container\vector.h">
      <Filter>Source Files\container</Filter>
    </ClInclude>
    <ClInclude Include="container\byte_array.h">
      <Filter>Source Files\container</Filter>
    </ClInclude>
    <ClInclude Include="container\pod_vector.h">
      <Filter>Source Files\container</Filter>
    </ClInclude>
    <ClInclude Include="container\string.h">
      <Filter>Source Files\container</Filter>
    </ClInclude>
    <ClInclude Include="system\memory_manager.h">
      <Filter>Source Files\system</Filter>
    </ClInclude>
  </ItemGroup>
  <ItemGroup>
    <ClCompile Include="config\precompiled.cpp">
      <Filter>Source Files\config</Filter>
    </ClCompile>
    <ClCompile Include="container\vector.cpp">
      <Filter>Source Files\container</Filter>
    </ClCompile>
    <ClCompile Include="container\byte_array.cpp">
      <Filter>Source Files\container</Filter>
    </ClCompile>
    <ClCompile Include="container\pod_vector.cpp">
      <Filter>Source Files\container</Filter>
    </ClCompile>
    <ClCompile Include="container\string.cpp">
      <Filter>Source Files\container</Filter>
    </ClCompile>
    <ClCompile Include="system\memory_manager.cpp">
      <Filter>Source Files\system</Filter>
    </ClCompile>
  </ItemGroup>
  <ItemGroup>
    <None Include="container\vector.inl">
      <Filter>Source Files\container</Filter>
    </None>
  </ItemGroup>
</Project>